// !$*UTF8*$!
{
	archiveVersion = 1;
	classes = {
	};
	objectVersion = 48;
	objects = {

/* Begin PBXBuildFile section */
		C9BFBA261E9ADBFC006872CF /* Main.storyboard in Resources */ = {isa = PBXBuildFile; fileRef = C9BFBA251E9ADBFC006872CF /* Main.storyboard */; };
		C9BFBA281E9ADD5A006872CF /* QuizCell.swift in Sources */ = {isa = PBXBuildFile; fileRef = C9BFBA271E9ADD5A006872CF /* QuizCell.swift */; };
		C9BFBA2A1E9ADECF006872CF /* QuizTable.swift in Sources */ = {isa = PBXBuildFile; fileRef = C9BFBA291E9ADECF006872CF /* QuizTable.swift */; };
		C9BFBA2C1E9AE438006872CF /* QuizDiffView.swift in Sources */ = {isa = PBXBuildFile; fileRef = C9BFBA2B1E9AE438006872CF /* QuizDiffView.swift */; };
		C9BFBA2E1E9AE5A2006872CF /* QuizView.swift in Sources */ = {isa = PBXBuildFile; fileRef = C9BFBA2D1E9AE5A2006872CF /* QuizView.swift */; };
		C9DE920F1E9689AB008DA323 /* AppDelegate.swift in Sources */ = {isa = PBXBuildFile; fileRef = C9DE920E1E9689AB008DA323 /* AppDelegate.swift */; };
		C9DE92111E9689AB008DA323 /* ViewController.swift in Sources */ = {isa = PBXBuildFile; fileRef = C9DE92101E9689AB008DA323 /* ViewController.swift */; };
		C9DE92161E9689AB008DA323 /* Assets.xcassets in Resources */ = {isa = PBXBuildFile; fileRef = C9DE92151E9689AB008DA323 /* Assets.xcassets */; };
		C9DE92191E9689AB008DA323 /* LaunchScreen.storyboard in Resources */ = {isa = PBXBuildFile; fileRef = C9DE92171E9689AB008DA323 /* LaunchScreen.storyboard */; };
		C9DE92441E993799008DA323 /* iCardTableViewCell.swift in Sources */ = {isa = PBXBuildFile; fileRef = C9DE92431E993799008DA323 /* iCardTableViewCell.swift */; };
		C9DE92461E9939D5008DA323 /* iCardTableViewController.swift in Sources */ = {isa = PBXBuildFile; fileRef = C9DE92451E9939D5008DA323 /* iCardTableViewController.swift */; };
		C9DE92481E993A9D008DA323 /* IndexCard.swift in Sources */ = {isa = PBXBuildFile; fileRef = C9DE92471E993A9D008DA323 /* IndexCard.swift */; };
		C9DE924A1E993C3A008DA323 /* IndexCardDeck.swift in Sources */ = {isa = PBXBuildFile; fileRef = C9DE92491E993C3A008DA323 /* IndexCardDeck.swift */; };
		C9DE924C1E994EBD008DA323 /* NewDeckViewController.swift in Sources */ = {isa = PBXBuildFile; fileRef = C9DE924B1E994EBD008DA323 /* NewDeckViewController.swift */; };
		C9DE924E1E99C4BA008DA323 /* indexTableViewController.swift in Sources */ = {isa = PBXBuildFile; fileRef = C9DE924D1E99C4BA008DA323 /* indexTableViewController.swift */; };
		C9DE92501E99C4EB008DA323 /* indexTableViewCell.swift in Sources */ = {isa = PBXBuildFile; fileRef = C9DE924F1E99C4EB008DA323 /* indexTableViewCell.swift */; };
		C9DE92531E99C9BD008DA323 /* NewCardViewController.swift in Sources */ = {isa = PBXBuildFile; fileRef = C9DE92521E99C9BD008DA323 /* NewCardViewController.swift */; };
		C9DE92551E99E15A008DA323 /* IndexCardViewController.swift in Sources */ = {isa = PBXBuildFile; fileRef = C9DE92541E99E15A008DA323 /* IndexCardViewController.swift */; };
		C9EAFA541E9C324B00536ECD /* iAd.framework in Frameworks */ = {isa = PBXBuildFile; fileRef = C9EAFA531E9C324B00536ECD /* iAd.framework */; };
/* End PBXBuildFile section */

/* Begin PBXFileReference section */
		C9BFBA251E9ADBFC006872CF /* Main.storyboard */ = {isa = PBXFileReference; fileEncoding = 4; lastKnownFileType = file.storyboard; path = Main.storyboard; sourceTree = "<group>"; };
		C9BFBA271E9ADD5A006872CF /* QuizCell.swift */ = {isa = PBXFileReference; fileEncoding = 4; lastKnownFileType = sourcecode.swift; path = QuizCell.swift; sourceTree = "<group>"; };
		C9BFBA291E9ADECF006872CF /* QuizTable.swift */ = {isa = PBXFileReference; fileEncoding = 4; lastKnownFileType = sourcecode.swift; path = QuizTable.swift; sourceTree = "<group>"; };
		C9BFBA2B1E9AE438006872CF /* QuizDiffView.swift */ = {isa = PBXFileReference; fileEncoding = 4; lastKnownFileType = sourcecode.swift; path = QuizDiffView.swift; sourceTree = "<group>"; };
		C9BFBA2D1E9AE5A2006872CF /* QuizView.swift */ = {isa = PBXFileReference; fileEncoding = 4; lastKnownFileType = sourcecode.swift; path = QuizView.swift; sourceTree = "<group>"; };
		C9DE920E1E9689AB008DA323 /* AppDelegate.swift */ = {isa = PBXFileReference; lastKnownFileType = sourcecode.swift; path = AppDelegate.swift; sourceTree = "<group>"; };
		C9DE92101E9689AB008DA323 /* ViewController.swift */ = {isa = PBXFileReference; lastKnownFileType = sourcecode.swift; name = ViewController.swift; path = InCardio/ViewController.swift; sourceTree = SOURCE_ROOT; };
		C9DE92151E9689AB008DA323 /* Assets.xcassets */ = {isa = PBXFileReference; lastKnownFileType = folder.assetcatalog; path = Assets.xcassets; sourceTree = "<group>"; };
		C9DE92181E9689AB008DA323 /* Base */ = {isa = PBXFileReference; lastKnownFileType = file.storyboard; name = Base; path = Base.lproj/LaunchScreen.storyboard; sourceTree = "<group>"; };
		C9DE921A1E9689AB008DA323 /* Info.plist */ = {isa = PBXFileReference; lastKnownFileType = text.plist.xml; path = Info.plist; sourceTree = "<group>"; };
		C9DE92431E993799008DA323 /* iCardTableViewCell.swift */ = {isa = PBXFileReference; fileEncoding = 4; lastKnownFileType = sourcecode.swift; path = iCardTableViewCell.swift; sourceTree = "<group>"; };
		C9DE92451E9939D5008DA323 /* iCardTableViewController.swift */ = {isa = PBXFileReference; fileEncoding = 4; lastKnownFileType = sourcecode.swift; path = iCardTableViewController.swift; sourceTree = "<group>"; };
		C9DE92471E993A9D008DA323 /* IndexCard.swift */ = {isa = PBXFileReference; fileEncoding = 4; lastKnownFileType = sourcecode.swift; path = IndexCard.swift; sourceTree = "<group>"; };
		C9DE92491E993C3A008DA323 /* IndexCardDeck.swift */ = {isa = PBXFileReference; fileEncoding = 4; lastKnownFileType = sourcecode.swift; path = IndexCardDeck.swift; sourceTree = "<group>"; };
		C9DE924B1E994EBD008DA323 /* NewDeckViewController.swift */ = {isa = PBXFileReference; fileEncoding = 4; lastKnownFileType = sourcecode.swift; path = NewDeckViewController.swift; sourceTree = "<group>"; };
		C9DE924D1E99C4BA008DA323 /* indexTableViewController.swift */ = {isa = PBXFileReference; fileEncoding = 4; lastKnownFileType = sourcecode.swift; path = indexTableViewController.swift; sourceTree = "<group>"; };
		C9DE924F1E99C4EB008DA323 /* indexTableViewCell.swift */ = {isa = PBXFileReference; fileEncoding = 4; lastKnownFileType = sourcecode.swift; path = indexTableViewCell.swift; sourceTree = "<group>"; };
		C9DE92521E99C9BD008DA323 /* NewCardViewController.swift */ = {isa = PBXFileReference; fileEncoding = 4; lastKnownFileType = sourcecode.swift; path = NewCardViewController.swift; sourceTree = "<group>"; };
		C9DE92541E99E15A008DA323 /* IndexCardViewController.swift */ = {isa = PBXFileReference; fileEncoding = 4; lastKnownFileType = sourcecode.swift; path = IndexCardViewController.swift; sourceTree = "<group>"; };
		C9EAFA4F1E9C302500536ECD /* Study Cards.app */ = {isa = PBXFileReference; explicitFileType = wrapper.application; includeInIndex = 0; path = "Study Cards.app"; sourceTree = BUILT_PRODUCTS_DIR; };
		C9EAFA531E9C324B00536ECD /* iAd.framework */ = {isa = PBXFileReference; lastKnownFileType = wrapper.framework; name = iAd.framework; path = System/Library/Frameworks/iAd.framework; sourceTree = SDKROOT; };
/* End PBXFileReference section */

/* Begin PBXFrameworksBuildPhase section */
		C9DE92081E9689AB008DA323 /* Frameworks */ = {
			isa = PBXFrameworksBuildPhase;
			buildActionMask = 2147483647;
			files = (
				C9EAFA541E9C324B00536ECD /* iAd.framework in Frameworks */,
			);
			runOnlyForDeploymentPostprocessing = 0;
		};
/* End PBXFrameworksBuildPhase section */

/* Begin PBXGroup section */
		C9DE92021E9689AB008DA323 = {
			isa = PBXGroup;
			children = (
				C9DE920D1E9689AB008DA323 /* Study Cards */,
				C9EAFA4F1E9C302500536ECD /* Study Cards.app */,
				C9EAFA521E9C324B00536ECD /* Frameworks */,
			);
			sourceTree = "<group>";
		};
		C9DE920D1E9689AB008DA323 /* Study Cards */ = {
			isa = PBXGroup;
			children = (
				C9DE920E1E9689AB008DA323 /* AppDelegate.swift */,
				C9BFBA251E9ADBFC006872CF /* Main.storyboard */,
				C9DE92511E99C51A008DA323 /* View Controllers */,
				C9DE92491E993C3A008DA323 /* IndexCardDeck.swift */,
				C9DE92151E9689AB008DA323 /* Assets.xcassets */,
				C9DE92171E9689AB008DA323 /* LaunchScreen.storyboard */,
				C9DE921A1E9689AB008DA323 /* Info.plist */,
				C9DE92471E993A9D008DA323 /* IndexCard.swift */,
			);
			name = "Study Cards";
			path = InCardio;
			sourceTree = "<group>";
		};
		C9DE92511E99C51A008DA323 /* View Controllers */ = {
			isa = PBXGroup;
			children = (
				C9DE92431E993799008DA323 /* iCardTableViewCell.swift */,
				C9DE92451E9939D5008DA323 /* iCardTableViewController.swift */,
				C9DE924D1E99C4BA008DA323 /* indexTableViewController.swift */,
				C9DE924F1E99C4EB008DA323 /* indexTableViewCell.swift */,
				C9DE92101E9689AB008DA323 /* ViewController.swift */,
				C9DE924B1E994EBD008DA323 /* NewDeckViewController.swift */,
				C9DE92521E99C9BD008DA323 /* NewCardViewController.swift */,
				C9DE92541E99E15A008DA323 /* IndexCardViewController.swift */,
				C9BFBA271E9ADD5A006872CF /* QuizCell.swift */,
				C9BFBA291E9ADECF006872CF /* QuizTable.swift */,
				C9BFBA2D1E9AE5A2006872CF /* QuizView.swift */,
				C9BFBA2B1E9AE438006872CF /* QuizDiffView.swift */,
			);
			name = "View Controllers";
			sourceTree = "<group>";
		};
		C9EAFA521E9C324B00536ECD /* Frameworks */ = {
			isa = PBXGroup;
			children = (
				C9EAFA531E9C324B00536ECD /* iAd.framework */,
			);
			name = Frameworks;
			sourceTree = "<group>";
		};
/* End PBXGroup section */

/* Begin PBXNativeTarget section */
		C9DE920A1E9689AB008DA323 /* Study Cards */ = {
			isa = PBXNativeTarget;
			buildConfigurationList = C9DE92331E9689AB008DA323 /* Build configuration list for PBXNativeTarget "Study Cards" */;
			buildPhases = (
				C9DE92071E9689AB008DA323 /* Sources */,
				C9DE92081E9689AB008DA323 /* Frameworks */,
				C9DE92091E9689AB008DA323 /* Resources */,
			);
			buildRules = (
			);
			dependencies = (
			);
			name = "Study Cards";
			productName = InCardio;
			productReference = C9EAFA4F1E9C302500536ECD /* Study Cards.app */;
			productType = "com.apple.product-type.application";
		};
/* End PBXNativeTarget section */

/* Begin PBXProject section */
		C9DE92031E9689AB008DA323 /* Project object */ = {
			isa = PBXProject;
			attributes = {
				LastSwiftMigration = 0720;
				LastSwiftUpdateCheck = 0720;
				LastUpgradeCheck = 0830;
				ORGANIZATIONNAME = "Nicholas Pound";
				TargetAttributes = {
					C9DE920A1E9689AB008DA323 = {
						CreatedOnToolsVersion = 7.2.1;
						LastSwiftMigration = 0830;
					};
				};
			};
			buildConfigurationList = C9DE92061E9689AB008DA323 /* Build configuration list for PBXProject "Study Cards" */;
			compatibilityVersion = "Xcode 8.0";
			developmentRegion = English;
			hasScannedForEncodings = 0;
			knownRegions = (
				en,
				Base,
			);
			mainGroup = C9DE92021E9689AB008DA323;
			productRefGroup = C9DE92021E9689AB008DA323;
			projectDirPath = "";
			projectRoot = "";
			targets = (
				C9DE920A1E9689AB008DA323 /* Study Cards */,
			);
		};
/* End PBXProject section */

/* Begin PBXResourcesBuildPhase section */
		C9DE92091E9689AB008DA323 /* Resources */ = {
			isa = PBXResourcesBuildPhase;
			buildActionMask = 2147483647;
			files = (
				C9BFBA261E9ADBFC006872CF /* Main.storyboard in Resources */,
				C9DE92191E9689AB008DA323 /* LaunchScreen.storyboard in Resources */,
				C9DE92161E9689AB008DA323 /* Assets.xcassets in Resources */,
			);
			runOnlyForDeploymentPostprocessing = 0;
		};
/* End PBXResourcesBuildPhase section */

/* Begin PBXSourcesBuildPhase section */
		C9DE92071E9689AB008DA323 /* Sources */ = {
			isa = PBXSourcesBuildPhase;
			buildActionMask = 2147483647;
			files = (
				C9DE924E1E99C4BA008DA323 /* indexTableViewController.swift in Sources */,
				C9DE92111E9689AB008DA323 /* ViewController.swift in Sources */,
				C9BFBA2E1E9AE5A2006872CF /* QuizView.swift in Sources */,
				C9BFBA2C1E9AE438006872CF /* QuizDiffView.swift in Sources */,
				C9DE924C1E994EBD008DA323 /* NewDeckViewController.swift in Sources */,
				C9DE92501E99C4EB008DA323 /* indexTableViewCell.swift in Sources */,
				C9DE92441E993799008DA323 /* iCardTableViewCell.swift in Sources */,
				C9DE924A1E993C3A008DA323 /* IndexCardDeck.swift in Sources */,
				C9BFBA281E9ADD5A006872CF /* QuizCell.swift in Sources */,
				C9DE92531E99C9BD008DA323 /* NewCardViewController.swift in Sources */,
				C9DE920F1E9689AB008DA323 /* AppDelegate.swift in Sources */,
				C9DE92481E993A9D008DA323 /* IndexCard.swift in Sources */,
				C9DE92551E99E15A008DA323 /* IndexCardViewController.swift in Sources */,
				C9BFBA2A1E9ADECF006872CF /* QuizTable.swift in Sources */,
				C9DE92461E9939D5008DA323 /* iCardTableViewController.swift in Sources */,
			);
			runOnlyForDeploymentPostprocessing = 0;
		};
/* End PBXSourcesBuildPhase section */

/* Begin PBXVariantGroup section */
		C9DE92171E9689AB008DA323 /* LaunchScreen.storyboard */ = {
			isa = PBXVariantGroup;
			children = (
				C9DE92181E9689AB008DA323 /* Base */,
			);
			name = LaunchScreen.storyboard;
			sourceTree = "<group>";
		};
/* End PBXVariantGroup section */

/* Begin XCBuildConfiguration section */
		C9DE92311E9689AB008DA323 /* Debug */ = {
			isa = XCBuildConfiguration;
			buildSettings = {
				ALWAYS_SEARCH_USER_PATHS = NO;
				CLANG_CXX_LANGUAGE_STANDARD = "gnu++0x";
				CLANG_CXX_LIBRARY = "libc++";
				CLANG_ENABLE_MODULES = YES;
				CLANG_ENABLE_OBJC_ARC = YES;
				CLANG_WARN_BOOL_CONVERSION = YES;
				CLANG_WARN_CONSTANT_CONVERSION = YES;
				CLANG_WARN_DIRECT_OBJC_ISA_USAGE = YES_ERROR;
				CLANG_WARN_EMPTY_BODY = YES;
				CLANG_WARN_ENUM_CONVERSION = YES;
				CLANG_WARN_INFINITE_RECURSION = YES;
				CLANG_WARN_INT_CONVERSION = YES;
				CLANG_WARN_OBJC_ROOT_CLASS = YES_ERROR;
				CLANG_WARN_SUSPICIOUS_MOVE = YES;
				CLANG_WARN_UNREACHABLE_CODE = YES;
				CLANG_WARN__DUPLICATE_METHOD_MATCH = YES;
				"CODE_SIGN_IDENTITY[sdk=iphoneos*]" = "iPhone Developer";
				COPY_PHASE_STRIP = NO;
				DEBUG_INFORMATION_FORMAT = dwarf;
				ENABLE_STRICT_OBJC_MSGSEND = YES;
				ENABLE_TESTABILITY = YES;
				GCC_C_LANGUAGE_STANDARD = gnu99;
				GCC_DYNAMIC_NO_PIC = NO;
				GCC_NO_COMMON_BLOCKS = YES;
				GCC_OPTIMIZATION_LEVEL = 0;
				GCC_PREPROCESSOR_DEFINITIONS = (
					"DEBUG=1",
					"$(inherited)",
				);
				GCC_WARN_64_TO_32_BIT_CONVERSION = YES;
				GCC_WARN_ABOUT_RETURN_TYPE = YES_ERROR;
				GCC_WARN_UNDECLARED_SELECTOR = YES;
				GCC_WARN_UNINITIALIZED_AUTOS = YES_AGGRESSIVE;
				GCC_WARN_UNUSED_FUNCTION = YES;
				GCC_WARN_UNUSED_VARIABLE = YES;
				IPHONEOS_DEPLOYMENT_TARGET = 10.3;
				MTL_ENABLE_DEBUG_INFO = YES;
				ONLY_ACTIVE_ARCH = YES;
				SDKROOT = iphoneos;
				SWIFT_OPTIMIZATION_LEVEL = "-Onone";
			};
			name = Debug;
		};
		C9DE92321E9689AB008DA323 /* Release */ = {
			isa = XCBuildConfiguration;
			buildSettings = {
				ALWAYS_SEARCH_USER_PATHS = NO;
				CLANG_CXX_LANGUAGE_STANDARD = "gnu++0x";
				CLANG_CXX_LIBRARY = "libc++";
				CLANG_ENABLE_MODULES = YES;
				CLANG_ENABLE_OBJC_ARC = YES;
				CLANG_WARN_BOOL_CONVERSION = YES;
				CLANG_WARN_CONSTANT_CONVERSION = YES;
				CLANG_WARN_DIRECT_OBJC_ISA_USAGE = YES_ERROR;
				CLANG_WARN_EMPTY_BODY = YES;
				CLANG_WARN_ENUM_CONVERSION = YES;
				CLANG_WARN_INFINITE_RECURSION = YES;
				CLANG_WARN_INT_CONVERSION = YES;
				CLANG_WARN_OBJC_ROOT_CLASS = YES_ERROR;
				CLANG_WARN_SUSPICIOUS_MOVE = YES;
				CLANG_WARN_UNREACHABLE_CODE = YES;
				CLANG_WARN__DUPLICATE_METHOD_MATCH = YES;
				"CODE_SIGN_IDENTITY[sdk=iphoneos*]" = "iPhone Developer";
				COPY_PHASE_STRIP = NO;
				DEBUG_INFORMATION_FORMAT = "dwarf-with-dsym";
				ENABLE_NS_ASSERTIONS = NO;
				ENABLE_STRICT_OBJC_MSGSEND = YES;
				GCC_C_LANGUAGE_STANDARD = gnu99;
				GCC_NO_COMMON_BLOCKS = YES;
				GCC_WARN_64_TO_32_BIT_CONVERSION = YES;
				GCC_WARN_ABOUT_RETURN_TYPE = YES_ERROR;
				GCC_WARN_UNDECLARED_SELECTOR = YES;
				GCC_WARN_UNINITIALIZED_AUTOS = YES_AGGRESSIVE;
				GCC_WARN_UNUSED_FUNCTION = YES;
				GCC_WARN_UNUSED_VARIABLE = YES;
				IPHONEOS_DEPLOYMENT_TARGET = 10.3;
				MTL_ENABLE_DEBUG_INFO = NO;
				SDKROOT = iphoneos;
				SWIFT_OPTIMIZATION_LEVEL = "-Owholemodule";
				VALIDATE_PRODUCT = YES;
			};
			name = Release;
		};
		C9DE92341E9689AB008DA323 /* Debug */ = {
			isa = XCBuildConfiguration;
			buildSettings = {
				ASSETCATALOG_COMPILER_APPICON_NAME = AppIcon;
				ASSETCATALOG_COMPILER_LAUNCHIMAGE_NAME = LaunchImage;
				DEVELOPMENT_TEAM = V26XEDSGVR;
				INFOPLIST_FILE = InCardio/Info.plist;
				LD_RUNPATH_SEARCH_PATHS = "$(inherited) @executable_path/Frameworks";
				PRODUCT_BUNDLE_IDENTIFIER = NPProgramming.StudyCards;
				PRODUCT_NAME = "$(TARGET_NAME)";
				SWIFT_VERSION = 3.0;
				TARGETED_DEVICE_FAMILY = 1;
			};
			name = Debug;
		};
		C9DE92351E9689AB008DA323 /* Release */ = {
			isa = XCBuildConfiguration;
			buildSettings = {
				ASSETCATALOG_COMPILER_APPICON_NAME = AppIcon;
				ASSETCATALOG_COMPILER_LAUNCHIMAGE_NAME = LaunchImage;
				DEVELOPMENT_TEAM = V26XEDSGVR;
				INFOPLIST_FILE = InCardio/Info.plist;
				LD_RUNPATH_SEARCH_PATHS = "$(inherited) @executable_path/Frameworks";
				PRODUCT_BUNDLE_IDENTIFIER = NPProgramming.StudyCards;
				PRODUCT_NAME = "$(TARGET_NAME)";
				SWIFT_VERSION = 3.0;
				TARGETED_DEVICE_FAMILY = 1;
			};
			name = Release;
		};
/* End XCBuildConfiguration section */

/* Begin XCConfigurationList section */
		C9DE92061E9689AB008DA323 /* Build configuration list for PBXProject "Study Cards" */ = {
			isa = XCConfigurationList;
			buildConfigurations = (
				C9DE92311E9689AB008DA323 /* Debug */,
				C9DE92321E9689AB008DA323 /* Release */,
			);
			defaultConfigurationIsVisible = 0;
			defaultConfigurationName = Release;
		};
		C9DE92331E9689AB008DA323 /* Build configuration list for PBXNativeTarget "Study Cards" */ = {
			isa = XCConfigurationList;
			buildConfigurations = (
				C9DE92341E9689AB008DA323 /* Debug */,
				C9DE92351E9689AB008DA323 /* Release */,
			);
			defaultConfigurationIsVisible = 0;
			defaultConfigurationName = Release;
		};
/* End XCConfigurationList section */
	};
	rootObject = C9DE92031E9689AB008DA323 /* Project object */;
}
